
Microsoft Visual Studio Solution File, Format Version 10.00
# Visual Studio 2008
Project("{FAE04EC0-301F-11D3-BF4B-00C04F79EFBC}") = "IoCComparison", "IoCComparison.csproj", "{6CF424CC-227C-4C56-91E4-672F097A2991}"
EndProject
Project("{FAE04EC0-301F-11D3-BF4B-00C04F79EFBC}") = "Funq", "Lib\funq\Core\Source\Funq.csproj", "{56656B0F-90BB-44D1-8A70-D004F940E0D2}"
EndProject
Global
	GlobalSection(SolutionConfigurationPlatforms) = preSolution
		Debug|Any CPU = Debug|Any CPU
		Release|Any CPU = Release|Any CPU
	EndGlobalSection
	GlobalSection(ProjectConfigurationPlatforms) = postSolution
		{6CF424CC-227C-4C56-91E4-672F097A2991}.Debug|Any CPU.ActiveCfg = Debug|Any CPU
		{6CF424CC-227C-4C56-91E4-672F097A2991}.Debug|Any CPU.Build.0 = Debug|Any CPU
		{6CF424CC-227C-4C56-91E4-672F097A2991}.Release|Any CPU.ActiveCfg = Release|Any CPU
		{6CF424CC-227C-4C56-91E4-672F097A2991}.Release|Any CPU.Build.0 = Release|Any CPU
		{56656B0F-90BB-44D1-8A70-D004F940E0D2}.Debug|Any CPU.ActiveCfg = Debug|Any CPU
		{56656B0F-90BB-44D1-8A70-D004F940E0D2}.Debug|Any CPU.Build.0 = Debug|Any CPU
		{56656B0F-90BB-44D1-8A70-D004F940E0D2}.Release|Any CPU.ActiveCfg = Release|Any CPU
		{56656B0F-90BB-44D1-8A70-D004F940E0D2}.Release|Any CPU.Build.0 = Release|Any CPU
	EndGlobalSection
	GlobalSection(SolutionProperties) = preSolution
		HideSolutionNode = FALSE
	EndGlobalSection
EndGlobal
